
Microsoft Visual Studio Solution File, Format Version 12.00
# Visual Studio Version 16
VisualStudioVersion = 16.0.30717.126
MinimumVisualStudioVersion = 10.0.40219.1
Project("{FAE04EC0-301F-11D3-BF4B-00C04F79EFBC}") = "RamboFirstConfig", "RamboFirstConfig\RamboFirstConfig.csproj", "{9F45179B-DEA5-481D-909E-23EF68D3D1A9}"
EndProject
Global
	GlobalSection(SolutionConfigurationPlatforms) = preSolution
		Debug|Any CPU = Debug|Any CPU
		Release|Any CPU = Release|Any CPU
	EndGlobalSection
	GlobalSection(ProjectConfigurationPlatforms) = postSolution
		{9F45179B-DEA5-481D-909E-23EF68D3D1A9}.Debug|Any CPU.ActiveCfg = Debug|Any CPU
		{9F45179B-DEA5-481D-909E-23EF68D3D1A9}.Debug|Any CPU.Build.0 = Debug|Any CPU
		{9F45179B-DEA5-481D-909E-23EF68D3D1A9}.Release|Any CPU.ActiveCfg = Release|Any CPU
		{9F45179B-DEA5-481D-909E-23EF68D3D1A9}.Release|Any CPU.Build.0 = Release|Any CPU
	EndGlobalSection
	GlobalSection(SolutionProperties) = preSolution
		HideSolutionNode = FALSE
	EndGlobalSection
	GlobalSection(ExtensibilityGlobals) = postSolution
		SolutionGuid = {3C2AB838-A63E-4015-ABBC-DA5591A185DC}
	EndGlobalSection
EndGlobal
